
Microsoft Visual Studio Solution File, Format Version 12.00
# Visual Studio 15
VisualStudioVersion = 15.0.28307.1525
MinimumVisualStudioVersion = 10.0.40219.1
Project("{8BC9CEB8-8B4A-11D0-8D11-00A0C91BC942}") = "Ocean Warfare", "Ocean Warfare\Ocean Warfare.vcxproj", "{49E02762-B25B-4969-B0FB-72BA9729F76A}"
EndProject
Global
	GlobalSection(SolutionConfigurationPlatforms) = preSolution
		Debug|x64 = Debug|x64
		Debug|x86 = Debug|x86
		Release|x64 = Release|x64
		Release|x86 = Release|x86
	EndGlobalSection
	GlobalSection(ProjectConfigurationPlatforms) = postSolution
		{49E02762-B25B-4969-B0FB-72BA9729F76A}.Debug|x64.ActiveCfg = Debug|x64
		{49E02762-B25B-4969-B0FB-72BA9729F76A}.Debug|x64.Build.0 = Debug|x64
		{49E02762-B25B-4969-B0FB-72BA9729F76A}.Debug|x86.ActiveCfg = Debug|Win32
		{49E02762-B25B-4969-B0FB-72BA9729F76A}.Debug|x86.Build.0 = Debug|Win32
		{49E02762-B25B-4969-B0FB-72BA9729F76A}.Release|x64.ActiveCfg = Release|x64
		{49E02762-B25B-4969-B0FB-72BA9729F76A}.Release|x64.Build.0 = Release|x64
		{49E02762-B25B-4969-B0FB-72BA9729F76A}.Release|x86.ActiveCfg = Release|Win32
		{49E02762-B25B-4969-B0FB-72BA9729F76A}.Release|x86.Build.0 = Release|Win32
	EndGlobalSection
	GlobalSection(SolutionProperties) = preSolution
		HideSolutionNode = FALSE
	EndGlobalSection
	GlobalSection(ExtensibilityGlobals) = postSolution
		SolutionGuid = {58FFB809-9886-40A1-8C32-50E751179484}
	EndGlobalSection
EndGlobal
